# This file is automatically @generated by Poetry 2.0.1 and should not be changed by hand.

[[package]]
name = "memory-fs"
version = "0.13.0"
description = "Memory-FS"
optional = false
python-versions = "<4.0,>=3.12"
groups = ["main"]
files = [
    {file = "memory_fs-0.13.0-py3-none-any.whl", hash = "sha256:a70f058fb411820ed18c5fc749d2816bad4df837a2edaa628f6e982b2578472f"},
    {file = "memory_fs-0.13.0.tar.gz", hash = "sha256:b6b9e6a79771f9a07d6fa3feb59f9ca9350e0dc683ed923ed5383c4b148362c0"},
]

[package.dependencies]
osbot-utils = "*"

[[package]]
name = "mgraph-db"
version = "1.2.18"
description = "MGraph-DB"
optional = false
python-versions = "<4.0,>=3.11"
groups = ["main"]
files = [
    {file = "mgraph_db-1.2.18-py3-none-any.whl", hash = "sha256:6aa33b81441314a2e1f324be23fdc7c941c8a30441d45c17409ca5de091132ba"},
    {file = "mgraph_db-1.2.18.tar.gz", hash = "sha256:90e52a7f5f4672fbc37b8848581705737d9217907f30b9d079fe74d86ff7ef0a"},
]

[package.dependencies]
osbot-utils = "*"

[[package]]
name = "osbot-utils"
version = "2.67.0"
description = "OWASP Security Bot - Utils"
optional = false
python-versions = "<4.0,>=3.7"
groups = ["main"]
files = [
    {file = "osbot_utils-2.67.0-py3-none-any.whl", hash = "sha256:45e359373fdd502b4ffb90d77427c1a4919575cd881c13c94be367e388d368fd"},
    {file = "osbot_utils-2.67.0.tar.gz", hash = "sha256:f74db4e1efb5f1bee9be0d2f415411110025a36bf7438881e884847ba053ad8c"},
]

[metadata]
lock-version = "2.1"
python-versions = "^3.12"
content-hash = "56a054273c1b38a3996b422ad6a7252cd7f4419b8ce7048d083e0d3ca5f1b278"
